
Microsoft Visual Studio Solution File, Format Version 12.00
# Visual Studio Version 17
VisualStudioVersion = 17.11.35201.85
MinimumVisualStudioVersion = 10.0.40219.1
Project("{FAE04EC0-301F-11D3-BF4B-00C04F79EFBC}") = "BulkyWeb", "BulkyWeb\BulkyWeb.csproj", "{26A95446-2E6C-45BB-8D0D-B50B9D64C27D}"
EndProject
Global
	GlobalSection(SolutionConfigurationPlatforms) = preSolution
		Debug|Any CPU = Debug|Any CPU
		Release|Any CPU = Release|Any CPU
	EndGlobalSection
	GlobalSection(ProjectConfigurationPlatforms) = postSolution
		{26A95446-2E6C-45BB-8D0D-B50B9D64C27D}.Debug|Any CPU.ActiveCfg = Debug|Any CPU
		{26A95446-2E6C-45BB-8D0D-B50B9D64C27D}.Debug|Any CPU.Build.0 = Debug|Any CPU
		{26A95446-2E6C-45BB-8D0D-B50B9D64C27D}.Release|Any CPU.ActiveCfg = Release|Any CPU
		{26A95446-2E6C-45BB-8D0D-B50B9D64C27D}.Release|Any CPU.Build.0 = Release|Any CPU
	EndGlobalSection
	GlobalSection(SolutionProperties) = preSolution
		HideSolutionNode = FALSE
	EndGlobalSection
	GlobalSection(ExtensibilityGlobals) = postSolution
		SolutionGuid = {D99CBA82-A1C8-4A10-87D5-9E6FB7008B5A}
	EndGlobalSection
EndGlobal
